<?xml version="1.0" encoding="utf-8"?>
<Project ToolsVersion="4.0" xmlns="http://schemas.microsoft.com/developer/msbuild/2003">
  <ItemGroup>
    <Filter Include="Source Files">
      <UniqueIdentifier>{4FC737F1-C7A5-4376-A066-2A32D752A2FF}</UniqueIdentifier>
      <Extensions>cpp;c;cc;cxx;def;odl;idl;hpj;bat;asm;asmx</Extensions>
    </Filter>
    <Filter Include="Resource Files">
      <UniqueIdentifier>{67DA6AB6-F800-4c08-8B7A-83BB121AAD01}</UniqueIdentifier>
      <Extensions>rc;ico;cur;bmp;dlg;rc2;rct;bin;rgs;gif;jpg;jpeg;jpe;resx;tiff;tif;png;wav;mfcribbon-ms</Extensions>
    </Filter>
    <Filter Include="Header Files">
      <UniqueIdentifier>{93995380-89BD-4b04-88EB-625FBE52EBFB}</UniqueIdentifier>
      <Extensions>h;hpp;hxx;hm;inl;inc;xsd</Extensions>
    </Filter>
    <Filter Include="Header Files\BackgroundSubtraction">
      <UniqueIdentifier>{034406b5-53fa-4fe2-b372-7936999e73b0}</UniqueIdentifier>
    </Filter>
    <Filter Include="Source Files\BackgroundSubtraction">
      <UniqueIdentifier>{206242e3-b807-405f-9a62-a48cffb125fa}</UniqueIdentifier>
    </Filter>
    <Filter Include="Header Files\VideoProcessing">
      <UniqueIdentifier>{8e2d2e95-15ec-44b4-aa48-ad4651f06adc}</UniqueIdentifier>
    </Filter>
    <Filter Include="Source Files\VideoProcessing">
      <UniqueIdentifier>{f1e61af0-dfd6-40d1-b2db-5a8015da1157}</UniqueIdentifier>
    </Filter>
    <Filter Include="Header Files\Classifiers">
      <UniqueIdentifier>{fc5fec3a-e016-466a-a9bd-bec7615fde22}</UniqueIdentifier>
    </Filter>
    <Filter Include="Source Files\Classifiers">
      <UniqueIdentifier>{18b8f23f-973e-41e6-ad59-bacd0babe342}</UniqueIdentifier>
    </Filter>
  </ItemGroup>
  <ItemGroup>
    <None Include="ReadMe.txt" />
  </ItemGroup>
  <ItemGroup>
    <ClInclude Include="AvgSubtractor.h">
      <Filter>Header Files\BackgroundSubtraction</Filter>
    </ClInclude>
    <ClInclude Include="CodebookSubtractor.h">
      <Filter>Header Files\BackgroundSubtraction</Filter>
    </ClInclude>
    <ClInclude Include="MogSubtractor.h">
      <Filter>Header Files\BackgroundSubtraction</Filter>
    </ClInclude>
    <ClInclude Include="CannyFrameProcessor.h">
      <Filter>Header Files\VideoProcessing</Filter>
    </ClInclude>
    <ClInclude Include="FeatureTracker.h">
      <Filter>Header Files\VideoProcessing</Filter>
    </ClInclude>
    <ClInclude Include="BackgroundSegmentator.h">
      <Filter>Header Files\VideoProcessing</Filter>
    </ClInclude>
    <ClInclude Include="StableMog.h">
      <Filter>Header Files\BackgroundSubtraction</Filter>
    </ClInclude>
    <ClInclude Include="StableAvgSubtractor.h">
      <Filter>Header Files\BackgroundSubtraction</Filter>
    </ClInclude>
    <ClInclude Include="HogClassifier.h">
      <Filter>Header Files\Classifiers</Filter>
    </ClInclude>
  </ItemGroup>
  <ItemGroup>
    <ClCompile Include="AvgSubtractor.cpp">
      <Filter>Source Files\BackgroundSubtraction</Filter>
    </ClCompile>
    <ClCompile Include="CodebookSubtractor.cpp">
      <Filter>Source Files\BackgroundSubtraction</Filter>
    </ClCompile>
    <ClCompile Include="MogSubtractor.cpp">
      <Filter>Source Files\BackgroundSubtraction</Filter>
    </ClCompile>
    <ClCompile Include="Mog2Subtractor.cpp">
      <Filter>Source Files\BackgroundSubtraction</Filter>
    </ClCompile>
    <ClCompile Include="FeatureTracker.cpp">
      <Filter>Source Files\VideoProcessing</Filter>
    </ClCompile>
    <ClCompile Include="CannyFrameProcessor.cpp">
      <Filter>Source Files\VideoProcessing</Filter>
    </ClCompile>
    <ClCompile Include="BackgroundSegmentator.cpp">
      <Filter>Source Files\VideoProcessing</Filter>
    </ClCompile>
    <ClCompile Include="StableMog.cpp">
      <Filter>Source Files\BackgroundSubtraction</Filter>
    </ClCompile>
    <ClCompile Include="StableAvgSubtractor.cpp">
      <Filter>Source Files\BackgroundSubtraction</Filter>
    </ClCompile>
    <ClCompile Include="HogClassifier.cpp">
      <Filter>Source Files\Classifiers</Filter>
    </ClCompile>
  </ItemGroup>
</Project>