
Microsoft Visual Studio Solution File, Format Version 12.00
# Visual Studio 2010
Project("{8BC9CEB8-8B4A-11D0-8D11-00A0C91BC942}") = "VehicleTrackingMonitor", "CarParkMonitor\CarParkMonitor.vcxproj", "{9EA27231-77ED-43B1-8188-6281286D6F73}"
EndProject
Project("{8BC9CEB8-8B4A-11D0-8D11-00A0C91BC942}") = "Converter", "Converter\Converter.vcxproj", "{DBA73D2B-6AF8-4C04-A19F-32E08AD5D8F4}"
EndProject
Project("{8BC9CEB8-8B4A-11D0-8D11-00A0C91BC942}") = "Testing", "Testing\Testing.vcxproj", "{998D34B7-B52C-4974-9591-D9178369EC56}"
EndProject
Project("{8BC9CEB8-8B4A-11D0-8D11-00A0C91BC942}") = "Kalman", "Kalman\Kalman.vcxproj", "{F77921F0-D3BE-45ED-AA6A-37EAB730AFA9}"
EndProject
Project("{8BC9CEB8-8B4A-11D0-8D11-00A0C91BC942}") = "VtLib", "CpmLib\CpmLib.vcxproj", "{6DDA55AC-1688-4045-9169-C7188BFCEDDB}"
EndProject
Project("{8BC9CEB8-8B4A-11D0-8D11-00A0C91BC942}") = "DatasetExtraction", "HogTraining\HogTraining.vcxproj", "{DE0BBE34-E795-491D-9630-5D183DD0A65C}"
EndProject
Project("{8BC9CEB8-8B4A-11D0-8D11-00A0C91BC942}") = "VtImpl", "CpmImpl\CpmImpl.vcxproj", "{E32A9054-101F-41C5-B6A5-E3DD185E12F6}"
EndProject
Project("{8BC9CEB8-8B4A-11D0-8D11-00A0C91BC942}") = "TrainingHog", "TrainingHog\TrainingHog.vcxproj", "{A06C4FC2-B63D-4081-9EAE-D1E85782257F}"
EndProject
Project("{8BC9CEB8-8B4A-11D0-8D11-00A0C91BC942}") = "HogTester", "HogTester\HogTester.vcxproj", "{45E35FC7-D860-4D7B-9DE4-A40640EC4736}"
EndProject
Global
	GlobalSection(SolutionConfigurationPlatforms) = preSolution
		Debug|Mixed Platforms = Debug|Mixed Platforms
		Debug|Win32 = Debug|Win32
		Debug|x64 = Debug|x64
		Release|Mixed Platforms = Release|Mixed Platforms
		Release|Win32 = Release|Win32
		Release|x64 = Release|x64
	EndGlobalSection
	GlobalSection(ProjectConfigurationPlatforms) = postSolution
		{9EA27231-77ED-43B1-8188-6281286D6F73}.Debug|Mixed Platforms.ActiveCfg = Debug|x64
		{9EA27231-77ED-43B1-8188-6281286D6F73}.Debug|Mixed Platforms.Build.0 = Debug|x64
		{9EA27231-77ED-43B1-8188-6281286D6F73}.Debug|Win32.ActiveCfg = Debug|x64
		{9EA27231-77ED-43B1-8188-6281286D6F73}.Debug|x64.ActiveCfg = Debug|x64
		{9EA27231-77ED-43B1-8188-6281286D6F73}.Debug|x64.Build.0 = Debug|x64
		{9EA27231-77ED-43B1-8188-6281286D6F73}.Release|Mixed Platforms.ActiveCfg = Release|x64
		{9EA27231-77ED-43B1-8188-6281286D6F73}.Release|Mixed Platforms.Build.0 = Release|x64
		{9EA27231-77ED-43B1-8188-6281286D6F73}.Release|Win32.ActiveCfg = Release|x64
		{9EA27231-77ED-43B1-8188-6281286D6F73}.Release|x64.ActiveCfg = Release|x64
		{9EA27231-77ED-43B1-8188-6281286D6F73}.Release|x64.Build.0 = Release|x64
		{DBA73D2B-6AF8-4C04-A19F-32E08AD5D8F4}.Debug|Mixed Platforms.ActiveCfg = Debug|x64
		{DBA73D2B-6AF8-4C04-A19F-32E08AD5D8F4}.Debug|Mixed Platforms.Build.0 = Debug|x64
		{DBA73D2B-6AF8-4C04-A19F-32E08AD5D8F4}.Debug|Win32.ActiveCfg = Debug|x64
		{DBA73D2B-6AF8-4C04-A19F-32E08AD5D8F4}.Debug|x64.ActiveCfg = Debug|x64
		{DBA73D2B-6AF8-4C04-A19F-32E08AD5D8F4}.Debug|x64.Build.0 = Debug|x64
		{DBA73D2B-6AF8-4C04-A19F-32E08AD5D8F4}.Release|Mixed Platforms.ActiveCfg = Release|x64
		{DBA73D2B-6AF8-4C04-A19F-32E08AD5D8F4}.Release|Mixed Platforms.Build.0 = Release|x64
		{DBA73D2B-6AF8-4C04-A19F-32E08AD5D8F4}.Release|Win32.ActiveCfg = Release|x64
		{DBA73D2B-6AF8-4C04-A19F-32E08AD5D8F4}.Release|x64.ActiveCfg = Release|x64
		{DBA73D2B-6AF8-4C04-A19F-32E08AD5D8F4}.Release|x64.Build.0 = Release|x64
		{998D34B7-B52C-4974-9591-D9178369EC56}.Debug|Mixed Platforms.ActiveCfg = Debug|x64
		{998D34B7-B52C-4974-9591-D9178369EC56}.Debug|Mixed Platforms.Build.0 = Debug|x64
		{998D34B7-B52C-4974-9591-D9178369EC56}.Debug|Win32.ActiveCfg = Debug|x64
		{998D34B7-B52C-4974-9591-D9178369EC56}.Debug|x64.ActiveCfg = Debug|x64
		{998D34B7-B52C-4974-9591-D9178369EC56}.Debug|x64.Build.0 = Debug|x64
		{998D34B7-B52C-4974-9591-D9178369EC56}.Release|Mixed Platforms.ActiveCfg = Release|x64
		{998D34B7-B52C-4974-9591-D9178369EC56}.Release|Mixed Platforms.Build.0 = Release|x64
		{998D34B7-B52C-4974-9591-D9178369EC56}.Release|Win32.ActiveCfg = Release|x64
		{998D34B7-B52C-4974-9591-D9178369EC56}.Release|x64.ActiveCfg = Release|x64
		{998D34B7-B52C-4974-9591-D9178369EC56}.Release|x64.Build.0 = Release|x64
		{F77921F0-D3BE-45ED-AA6A-37EAB730AFA9}.Debug|Mixed Platforms.ActiveCfg = Debug|x64
		{F77921F0-D3BE-45ED-AA6A-37EAB730AFA9}.Debug|Mixed Platforms.Build.0 = Debug|x64
		{F77921F0-D3BE-45ED-AA6A-37EAB730AFA9}.Debug|Win32.ActiveCfg = Debug|x64
		{F77921F0-D3BE-45ED-AA6A-37EAB730AFA9}.Debug|x64.ActiveCfg = Debug|x64
		{F77921F0-D3BE-45ED-AA6A-37EAB730AFA9}.Release|Mixed Platforms.ActiveCfg = Release|x64
		{F77921F0-D3BE-45ED-AA6A-37EAB730AFA9}.Release|Mixed Platforms.Build.0 = Release|x64
		{F77921F0-D3BE-45ED-AA6A-37EAB730AFA9}.Release|Win32.ActiveCfg = Release|x64
		{F77921F0-D3BE-45ED-AA6A-37EAB730AFA9}.Release|x64.ActiveCfg = Release|x64
		{F77921F0-D3BE-45ED-AA6A-37EAB730AFA9}.Release|x64.Build.0 = Release|x64
		{6DDA55AC-1688-4045-9169-C7188BFCEDDB}.Debug|Mixed Platforms.ActiveCfg = Debug|x64
		{6DDA55AC-1688-4045-9169-C7188BFCEDDB}.Debug|Mixed Platforms.Build.0 = Debug|x64
		{6DDA55AC-1688-4045-9169-C7188BFCEDDB}.Debug|Win32.ActiveCfg = Debug|x64
		{6DDA55AC-1688-4045-9169-C7188BFCEDDB}.Debug|x64.ActiveCfg = Debug|x64
		{6DDA55AC-1688-4045-9169-C7188BFCEDDB}.Release|Mixed Platforms.ActiveCfg = Release|x64
		{6DDA55AC-1688-4045-9169-C7188BFCEDDB}.Release|Mixed Platforms.Build.0 = Release|x64
		{6DDA55AC-1688-4045-9169-C7188BFCEDDB}.Release|Win32.ActiveCfg = Release|x64
		{6DDA55AC-1688-4045-9169-C7188BFCEDDB}.Release|x64.ActiveCfg = Release|x64
		{6DDA55AC-1688-4045-9169-C7188BFCEDDB}.Release|x64.Build.0 = Release|x64
		{DE0BBE34-E795-491D-9630-5D183DD0A65C}.Debug|Mixed Platforms.ActiveCfg = Debug|x64
		{DE0BBE34-E795-491D-9630-5D183DD0A65C}.Debug|Mixed Platforms.Build.0 = Debug|x64
		{DE0BBE34-E795-491D-9630-5D183DD0A65C}.Debug|Win32.ActiveCfg = Debug|x64
		{DE0BBE34-E795-491D-9630-5D183DD0A65C}.Debug|x64.ActiveCfg = Debug|x64
		{DE0BBE34-E795-491D-9630-5D183DD0A65C}.Release|Mixed Platforms.ActiveCfg = Release|x64
		{DE0BBE34-E795-491D-9630-5D183DD0A65C}.Release|Mixed Platforms.Build.0 = Release|x64
		{DE0BBE34-E795-491D-9630-5D183DD0A65C}.Release|Win32.ActiveCfg = Release|x64
		{DE0BBE34-E795-491D-9630-5D183DD0A65C}.Release|x64.ActiveCfg = Release|x64
		{DE0BBE34-E795-491D-9630-5D183DD0A65C}.Release|x64.Build.0 = Release|x64
		{E32A9054-101F-41C5-B6A5-E3DD185E12F6}.Debug|Mixed Platforms.ActiveCfg = Debug|x64
		{E32A9054-101F-41C5-B6A5-E3DD185E12F6}.Debug|Mixed Platforms.Build.0 = Debug|x64
		{E32A9054-101F-41C5-B6A5-E3DD185E12F6}.Debug|Win32.ActiveCfg = Debug|x64
		{E32A9054-101F-41C5-B6A5-E3DD185E12F6}.Debug|x64.ActiveCfg = Debug|x64
		{E32A9054-101F-41C5-B6A5-E3DD185E12F6}.Release|Mixed Platforms.ActiveCfg = Release|x64
		{E32A9054-101F-41C5-B6A5-E3DD185E12F6}.Release|Mixed Platforms.Build.0 = Release|x64
		{E32A9054-101F-41C5-B6A5-E3DD185E12F6}.Release|Win32.ActiveCfg = Release|x64
		{E32A9054-101F-41C5-B6A5-E3DD185E12F6}.Release|x64.ActiveCfg = Release|x64
		{E32A9054-101F-41C5-B6A5-E3DD185E12F6}.Release|x64.Build.0 = Release|x64
		{A06C4FC2-B63D-4081-9EAE-D1E85782257F}.Debug|Mixed Platforms.ActiveCfg = Debug|x64
		{A06C4FC2-B63D-4081-9EAE-D1E85782257F}.Debug|Mixed Platforms.Build.0 = Debug|x64
		{A06C4FC2-B63D-4081-9EAE-D1E85782257F}.Debug|Win32.ActiveCfg = Debug|x64
		{A06C4FC2-B63D-4081-9EAE-D1E85782257F}.Debug|x64.ActiveCfg = Debug|x64
		{A06C4FC2-B63D-4081-9EAE-D1E85782257F}.Debug|x64.Build.0 = Debug|x64
		{A06C4FC2-B63D-4081-9EAE-D1E85782257F}.Release|Mixed Platforms.ActiveCfg = Release|x64
		{A06C4FC2-B63D-4081-9EAE-D1E85782257F}.Release|Mixed Platforms.Build.0 = Release|x64
		{A06C4FC2-B63D-4081-9EAE-D1E85782257F}.Release|Win32.ActiveCfg = Release|x64
		{A06C4FC2-B63D-4081-9EAE-D1E85782257F}.Release|x64.ActiveCfg = Release|x64
		{A06C4FC2-B63D-4081-9EAE-D1E85782257F}.Release|x64.Build.0 = Release|x64
		{45E35FC7-D860-4D7B-9DE4-A40640EC4736}.Debug|Mixed Platforms.ActiveCfg = Debug|x64
		{45E35FC7-D860-4D7B-9DE4-A40640EC4736}.Debug|Mixed Platforms.Build.0 = Debug|x64
		{45E35FC7-D860-4D7B-9DE4-A40640EC4736}.Debug|Win32.ActiveCfg = Debug|x64
		{45E35FC7-D860-4D7B-9DE4-A40640EC4736}.Debug|x64.ActiveCfg = Debug|x64
		{45E35FC7-D860-4D7B-9DE4-A40640EC4736}.Release|Mixed Platforms.ActiveCfg = Release|x64
		{45E35FC7-D860-4D7B-9DE4-A40640EC4736}.Release|Mixed Platforms.Build.0 = Release|x64
		{45E35FC7-D860-4D7B-9DE4-A40640EC4736}.Release|Win32.ActiveCfg = Release|x64
		{45E35FC7-D860-4D7B-9DE4-A40640EC4736}.Release|x64.ActiveCfg = Release|x64
		{45E35FC7-D860-4D7B-9DE4-A40640EC4736}.Release|x64.Build.0 = Release|x64
	EndGlobalSection
	GlobalSection(SolutionProperties) = preSolution
		HideSolutionNode = FALSE
	EndGlobalSection
EndGlobal
