<?xml version="1.0" encoding="utf-8"?>
<Project ToolsVersion="4.0" xmlns="http://schemas.microsoft.com/developer/msbuild/2003">
  <ItemGroup>
    <Filter Include="Source Files">
      <UniqueIdentifier>{4FC737F1-C7A5-4376-A066-2A32D752A2FF}</UniqueIdentifier>
      <Extensions>cpp;c;cc;cxx;def;odl;idl;hpj;bat;asm;asmx</Extensions>
    </Filter>
    <Filter Include="Header Files">
      <UniqueIdentifier>{93995380-89BD-4b04-88EB-625FBE52EBFB}</UniqueIdentifier>
      <Extensions>h;hpp;hxx;hm;inl;inc;xsd</Extensions>
    </Filter>
    <Filter Include="Resource Files">
      <UniqueIdentifier>{67DA6AB6-F800-4c08-8B7A-83BB121AAD01}</UniqueIdentifier>
      <Extensions>rc;ico;cur;bmp;dlg;rc2;rct;bin;rgs;gif;jpg;jpeg;jpe;resx;tiff;tif;png;wav;mfcribbon-ms</Extensions>
    </Filter>
    <Filter Include="Source Files\ParallelTracking">
      <UniqueIdentifier>{e4c8daa6-4ca1-4a33-a2f1-9471690c7064}</UniqueIdentifier>
    </Filter>
    <Filter Include="Header Files\ParallelTracking">
      <UniqueIdentifier>{8d11a959-01ed-4a20-bde1-10950df96a79}</UniqueIdentifier>
    </Filter>
    <Filter Include="Header Files\Lib">
      <UniqueIdentifier>{9c2c199b-f538-4453-a9d5-10eb69b609b1}</UniqueIdentifier>
    </Filter>
    <Filter Include="Source Files\Lib">
      <UniqueIdentifier>{0aff8a2d-c7db-4a10-a64e-946a59c1a457}</UniqueIdentifier>
    </Filter>
    <Filter Include="Header Files\ParallelTracking\Matchers">
      <UniqueIdentifier>{8eb353c9-28c3-4bea-b4d5-486fbcbc6719}</UniqueIdentifier>
    </Filter>
    <Filter Include="Source Files\ParallelTracking\Matchers">
      <UniqueIdentifier>{c58d0e4c-a8fd-4e16-92af-19478dc5715a}</UniqueIdentifier>
    </Filter>
  </ItemGroup>
  <ItemGroup>
    <ClCompile Include="main.cpp">
      <Filter>Source Files</Filter>
    </ClCompile>
    <ClCompile Include="PSubtractor.cpp">
      <Filter>Source Files\ParallelTracking</Filter>
    </ClCompile>
    <ClCompile Include="PDetector.cpp">
      <Filter>Source Files\ParallelTracking</Filter>
    </ClCompile>
    <ClCompile Include="PClassifier.cpp">
      <Filter>Source Files\ParallelTracking</Filter>
    </ClCompile>
    <ClCompile Include="Video.cpp">
      <Filter>Source Files\Lib</Filter>
    </ClCompile>
    <ClCompile Include="Helper.cpp">
      <Filter>Source Files\Lib</Filter>
    </ClCompile>
    <ClCompile Include="DebugHelper.cpp">
      <Filter>Source Files\Lib</Filter>
    </ClCompile>
    <ClCompile Include="AutoTracker.cpp">
      <Filter>Source Files</Filter>
    </ClCompile>
    <ClCompile Include="KalmanFilter2D.cpp">
      <Filter>Source Files\ParallelTracking</Filter>
    </ClCompile>
    <ClCompile Include="Matcher2D.cpp">
      <Filter>Source Files\ParallelTracking\Matchers</Filter>
    </ClCompile>
    <ClCompile Include="PTracker.cpp">
      <Filter>Source Files\ParallelTracking</Filter>
    </ClCompile>
    <ClCompile Include="LbpMatcher.cpp">
      <Filter>Source Files\ParallelTracking\Matchers</Filter>
    </ClCompile>
    <ClCompile Include="Validator.cpp">
      <Filter>Source Files\ParallelTracking</Filter>
    </ClCompile>
  </ItemGroup>
  <ItemGroup>
    <ClInclude Include="resource.h">
      <Filter>Header Files</Filter>
    </ClInclude>
    <ClInclude Include="PSubtractor.h">
      <Filter>Header Files\ParallelTracking</Filter>
    </ClInclude>
    <ClInclude Include="PDetector.h">
      <Filter>Header Files\ParallelTracking</Filter>
    </ClInclude>
    <ClInclude Include="PClassifier.h">
      <Filter>Header Files\ParallelTracking</Filter>
    </ClInclude>
    <ClInclude Include="PTracker.h">
      <Filter>Header Files\ParallelTracking</Filter>
    </ClInclude>
    <ClInclude Include="Video.h">
      <Filter>Header Files\Lib</Filter>
    </ClInclude>
    <ClInclude Include="Helper.h">
      <Filter>Header Files\Lib</Filter>
    </ClInclude>
    <ClInclude Include="DebugHelper.h">
      <Filter>Header Files\Lib</Filter>
    </ClInclude>
    <ClInclude Include="AutoTracker.h">
      <Filter>Header Files</Filter>
    </ClInclude>
    <ClInclude Include="KalmanFilter2D.h">
      <Filter>Header Files\ParallelTracking</Filter>
    </ClInclude>
    <ClInclude Include="TrackMatcher.h">
      <Filter>Header Files\ParallelTracking\Matchers</Filter>
    </ClInclude>
    <ClInclude Include="Matcher2D.h">
      <Filter>Header Files\ParallelTracking\Matchers</Filter>
    </ClInclude>
    <ClInclude Include="LbpMatcher.h">
      <Filter>Header Files\ParallelTracking\Matchers</Filter>
    </ClInclude>
    <ClInclude Include="Validator.h">
      <Filter>Header Files\ParallelTracking</Filter>
    </ClInclude>
  </ItemGroup>
  <ItemGroup>
    <ResourceCompile Include="CarParkMonitor.rc">
      <Filter>Resource Files</Filter>
    </ResourceCompile>
  </ItemGroup>
</Project>