<?xml version="1.0" encoding="utf-8"?>
<Project ToolsVersion="4.0" xmlns="http://schemas.microsoft.com/developer/msbuild/2003">
  <ItemGroup>
    <Filter Include="Source Files">
      <UniqueIdentifier>{4FC737F1-C7A5-4376-A066-2A32D752A2FF}</UniqueIdentifier>
      <Extensions>cpp;c;cc;cxx;def;odl;idl;hpj;bat;asm;asmx</Extensions>
    </Filter>
    <Filter Include="Header Files">
      <UniqueIdentifier>{93995380-89BD-4b04-88EB-625FBE52EBFB}</UniqueIdentifier>
      <Extensions>h;hpp;hxx;hm;inl;inc;xsd</Extensions>
    </Filter>
    <Filter Include="Resource Files">
      <UniqueIdentifier>{67DA6AB6-F800-4c08-8B7A-83BB121AAD01}</UniqueIdentifier>
      <Extensions>rc;ico;cur;bmp;dlg;rc2;rct;bin;rgs;gif;jpg;jpeg;jpe;resx;tiff;tif;png;wav;mfcribbon-ms</Extensions>
    </Filter>
    <Filter Include="Header Files\Video">
      <UniqueIdentifier>{1c19a3dd-0a27-4b62-acbb-c0f3e9d9a870}</UniqueIdentifier>
    </Filter>
    <Filter Include="Source Files\Video">
      <UniqueIdentifier>{1b60413f-a72c-47af-b5e3-2a4649e9d98d}</UniqueIdentifier>
    </Filter>
    <Filter Include="Header Files\BlobTracking">
      <UniqueIdentifier>{a1f20569-78ef-4648-8613-09126efc1de3}</UniqueIdentifier>
    </Filter>
    <Filter Include="Source Files\BlobTracking">
      <UniqueIdentifier>{3fcd80b9-b2fa-482c-8b29-4e6870161061}</UniqueIdentifier>
    </Filter>
  </ItemGroup>
  <ItemGroup>
    <ClCompile Include="main.cpp">
      <Filter>Source Files</Filter>
    </ClCompile>
    <ClCompile Include="AppConfig.cpp">
      <Filter>Source Files</Filter>
    </ClCompile>
    <ClCompile Include="BowComponent.cpp">
      <Filter>Source Files</Filter>
    </ClCompile>
    <ClCompile Include="Content.cpp">
      <Filter>Source Files</Filter>
    </ClCompile>
    <ClCompile Include="Importer.cpp">
      <Filter>Source Files</Filter>
    </ClCompile>
    <ClCompile Include="SvmComponent.cpp">
      <Filter>Source Files</Filter>
    </ClCompile>
    <ClCompile Include="Tester.cpp">
      <Filter>Source Files</Filter>
    </ClCompile>
    <ClCompile Include="PlsaComponent.cpp">
      <Filter>Source Files</Filter>
    </ClCompile>
    <ClCompile Include="Helper.cpp">
      <Filter>Source Files</Filter>
    </ClCompile>
    <ClCompile Include="DrawComponent.cpp">
      <Filter>Source Files</Filter>
    </ClCompile>
    <ClCompile Include="BackgroundSegmentator.cpp">
      <Filter>Source Files\Video</Filter>
    </ClCompile>
    <ClCompile Include="CannyFrameProcessor.cpp">
      <Filter>Source Files\Video</Filter>
    </ClCompile>
    <ClCompile Include="FeatureTracker.cpp">
      <Filter>Source Files\Video</Filter>
    </ClCompile>
    <ClCompile Include="VideoProcessor.cpp">
      <Filter>Source Files\Video</Filter>
    </ClCompile>
    <ClCompile Include="FrameProcessor.cpp">
      <Filter>Source Files\Video</Filter>
    </ClCompile>
    <ClCompile Include="BgFgSegmentator.cpp">
      <Filter>Source Files\Video</Filter>
    </ClCompile>
    <ClCompile Include="ForegroundSegmentator.cpp">
      <Filter>Source Files\BlobTracking</Filter>
    </ClCompile>
    <ClCompile Include="AutoTracker.cpp">
      <Filter>Source Files\BlobTracking</Filter>
    </ClCompile>
    <ClCompile Include="BlobDetector.cpp">
      <Filter>Source Files\BlobTracking</Filter>
    </ClCompile>
    <ClCompile Include="SyncBuffer.cpp">
      <Filter>Source Files\BlobTracking</Filter>
    </ClCompile>
    <ClCompile Include="Blob.cpp">
      <Filter>Source Files\BlobTracking</Filter>
    </ClCompile>
    <ClCompile Include="BlobMatcher.cpp">
      <Filter>Source Files\BlobTracking</Filter>
    </ClCompile>
  </ItemGroup>
  <ItemGroup>
    <ClInclude Include="AppConfig.h">
      <Filter>Header Files</Filter>
    </ClInclude>
    <ClInclude Include="BowComponent.h">
      <Filter>Header Files</Filter>
    </ClInclude>
    <ClInclude Include="Content.h">
      <Filter>Header Files</Filter>
    </ClInclude>
    <ClInclude Include="Importer.h">
      <Filter>Header Files</Filter>
    </ClInclude>
    <ClInclude Include="SvmComponent.h">
      <Filter>Header Files</Filter>
    </ClInclude>
    <ClInclude Include="Tester.h">
      <Filter>Header Files</Filter>
    </ClInclude>
    <ClInclude Include="PlsaComponent.h">
      <Filter>Header Files</Filter>
    </ClInclude>
    <ClInclude Include="DrawComponent.h">
      <Filter>Header Files</Filter>
    </ClInclude>
    <ClInclude Include="Helper.h">
      <Filter>Header Files</Filter>
    </ClInclude>
    <ClInclude Include="BackgroundSegmentator.h">
      <Filter>Header Files\Video</Filter>
    </ClInclude>
    <ClInclude Include="FrameProcessor.h">
      <Filter>Header Files\Video</Filter>
    </ClInclude>
    <ClInclude Include="VideoProcessor.h">
      <Filter>Header Files\Video</Filter>
    </ClInclude>
    <ClInclude Include="FeatureTracker.h">
      <Filter>Header Files\Video</Filter>
    </ClInclude>
    <ClInclude Include="CannyFrameProcessor.h">
      <Filter>Header Files\Video</Filter>
    </ClInclude>
    <ClInclude Include="resource.h">
      <Filter>Header Files</Filter>
    </ClInclude>
    <ClInclude Include="BgFgSegmentator.h">
      <Filter>Header Files\Video</Filter>
    </ClInclude>
    <ClInclude Include="ForegroundSegmentator.h">
      <Filter>Header Files\BlobTracking</Filter>
    </ClInclude>
    <ClInclude Include="AutoTracker.h">
      <Filter>Header Files\BlobTracking</Filter>
    </ClInclude>
    <ClInclude Include="BlobDetector.h">
      <Filter>Header Files\BlobTracking</Filter>
    </ClInclude>
    <ClInclude Include="SyncBuffer.h">
      <Filter>Header Files\BlobTracking</Filter>
    </ClInclude>
    <ClInclude Include="Blob.h">
      <Filter>Header Files\BlobTracking</Filter>
    </ClInclude>
    <ClInclude Include="BlobMatcher.h">
      <Filter>Header Files\BlobTracking</Filter>
    </ClInclude>
  </ItemGroup>
  <ItemGroup>
    <ResourceCompile Include="CarParkMonitor.rc">
      <Filter>Resource Files</Filter>
    </ResourceCompile>
  </ItemGroup>
</Project>